{
	"name": "@serverless-ide/language-server",
	"version": "0.5.35",
	"lockfileVersion": 1,
	"requires": true,
	"dependencies": {
		"@serverless-ide/cloudformation-schema": {
			"version": "0.5.34",
			"resolved": "https://registry.npmjs.org/@serverless-ide/cloudformation-schema/-/cloudformation-schema-0.5.34.tgz",
			"integrity": "sha512-R8+dp4UxcvUb895rxBm9x2cIJmKf/ivQ6xAwrEBWbBeRjyV/ZYqtedGGMFj4zURp6do2Bb2+fpyF3CdUXh+zEg=="
		},
		"@serverless-ide/config": {
			"version": "0.5.32",
			"resolved": "https://registry.npmjs.org/@serverless-ide/config/-/config-0.5.32.tgz",
			"integrity": "sha512-Q4KQ6Y2dvdZ/t2CHRsjIrISUhwWqIzkF5Fm1n5zYMWZDGQAftNW5TIsp1y9rDH7f4fNU+WzNtdD3iYBJPoYTiA==",
			"requires": {
				"js-yaml": "^3.13.1",
				"jsonc-parser": "^1.0.3",
				"lodash": "^4.17.11",
				"vscode-json-languageservice": "3.0.12",
				"vscode-languageserver": "^5.2.1",
				"vscode-languageserver-types": "^3.14.0",
				"vscode-nls": "^3.2.2",
				"yaml-ast-parser-custom-tags": "0.0.43"
			}
		},
		"@serverless-ide/sam-schema": {
			"version": "0.5.34",
			"resolved": "https://registry.npmjs.org/@serverless-ide/sam-schema/-/sam-schema-0.5.34.tgz",
			"integrity": "sha512-92BSPqpINM2+qZWkC68RCrSuhknZGy6y78jBtRtL6Tpaap1qa/aQrPgVBeIMfYTUzYwBmx+dS65fqdAfMdOctg=="
		},
		"@serverless-ide/serverless-framework-schema": {
			"version": "0.5.34",
			"resolved": "https://registry.npmjs.org/@serverless-ide/serverless-framework-schema/-/serverless-framework-schema-0.5.34.tgz",
			"integrity": "sha512-PJJb9CfQi1I0O2Sc4hUbmGB8OB6KlCHR4zQBIDCG/49A/BdQbk+QYbIvyiMcjhmo7Wn9ROiRnSH7rOytLDLxCQ=="
		},
		"@types/js-yaml": {
			"version": "3.12.1",
			"resolved": "https://registry.npmjs.org/@types/js-yaml/-/js-yaml-3.12.1.tgz",
			"integrity": "sha512-SGGAhXLHDx+PK4YLNcNGa6goPf9XRWQNAUUbffkwVGGXIxmDKWyGGL4inzq2sPmExu431Ekb9aEMn9BkPqEYFA==",
			"dev": true
		},
		"@types/lodash": {
			"version": "4.14.144",
			"resolved": "https://registry.npmjs.org/@types/lodash/-/lodash-4.14.144.tgz",
			"integrity": "sha512-ogI4g9W5qIQQUhXAclq6zhqgqNUr7UlFaqDHbch7WLSLeeM/7d3CRaw7GLajxvyFvhJqw4Rpcz5bhoaYtIx6Tg==",
			"dev": true
		},
		"@types/lru-cache": {
			"version": "4.1.2",
			"resolved": "https://registry.npmjs.org/@types/lru-cache/-/lru-cache-4.1.2.tgz",
			"integrity": "sha512-ve2IoUJClE+4S/sG2zoLGEHP6DCvqgyz7UkHZdiICdQaAYRaCXsRWfJlbL8B0KvUyo9lgzD+oR0YSy4YikFyFQ==",
			"dev": true
		},
		"@types/node": {
			"version": "9.6.52",
			"resolved": "https://registry.npmjs.org/@types/node/-/node-9.6.52.tgz",
			"integrity": "sha512-d6UdHtc8HKe3NTruj9mHk2B8EiHZyuG/00aYbUedHvy9sBhtLAX1gaxSNgvcheOvIZavvmpJYlwfHjjxlU/Few==",
			"dev": true
		},
		"@types/vscode": {
			"version": "1.38.0",
			"resolved": "https://registry.npmjs.org/@types/vscode/-/vscode-1.38.0.tgz",
			"integrity": "sha512-aGo8LQ4J1YF0T9ORuCO+bhQ5sGR1MXa7VOyOdEP685se3wyQWYUExcdiDi6rvaK61KUwfzzA19JRLDrUbDl7BQ==",
			"dev": true
		},
		"agent-base": {
			"version": "4.3.0",
			"resolved": "https://registry.npmjs.org/agent-base/-/agent-base-4.3.0.tgz",
			"integrity": "sha512-salcGninV0nPrwpGNn4VTXBb1SOuXQBiqbrNXoeizJsHrsL6ERFM2Ne3JUSBWRE6aeNJI2ROP/WEEIDUiDe3cg==",
			"requires": {
				"es6-promisify": "^5.0.0"
			}
		},
		"argparse": {
			"version": "1.0.10",
			"resolved": "https://registry.npmjs.org/argparse/-/argparse-1.0.10.tgz",
			"integrity": "sha512-o5Roy6tNG4SL/FOkCAN6RzjiakZS25RLYFrcMttJqbdd8BWrnA+fGz57iN5Pb06pvBGvl5gQ0B48dJlslXvoTg==",
			"requires": {
				"sprintf-js": "~1.0.2"
			}
		},
		"buffer-from": {
			"version": "1.1.1",
			"resolved": "https://registry.npmjs.org/buffer-from/-/buffer-from-1.1.1.tgz",
			"integrity": "sha512-MQcXEUbCKtEo7bhqEs6560Hyd4XaovZlO/k9V3hjVUF/zwW7KBVdSK4gIt/bzwS9MbR5qob+F5jusZsb0YQK2A==",
			"dev": true
		},
		"debug": {
			"version": "3.1.0",
			"resolved": "https://registry.npmjs.org/debug/-/debug-3.1.0.tgz",
			"integrity": "sha512-OX8XqP7/1a9cqkxYw2yXss15f26NKWBpDXQd0/uK/KPqdQhxbPa994hnzjcE2VqQpDslf55723cKPUOGSmMY3g==",
			"requires": {
				"ms": "2.0.0"
			}
		},
		"es6-promise": {
			"version": "4.2.8",
			"resolved": "https://registry.npmjs.org/es6-promise/-/es6-promise-4.2.8.tgz",
			"integrity": "sha512-HJDGx5daxeIvxdBxvG2cb9g4tEvwIk3i8+nhX0yGrYmZUzbkdg8QbDevheDB8gd0//uPj4c1EQua8Q+MViT0/w=="
		},
		"es6-promise-pool": {
			"version": "2.5.0",
			"resolved": "https://registry.npmjs.org/es6-promise-pool/-/es6-promise-pool-2.5.0.tgz",
			"integrity": "sha1-FHxhKza0fxBQJ/nSv1SlmKmdnMs="
		},
		"es6-promisify": {
			"version": "5.0.0",
			"resolved": "https://registry.npmjs.org/es6-promisify/-/es6-promisify-5.0.0.tgz",
			"integrity": "sha1-UQnWLz5W6pZ8S2NQWu8IKRyKUgM=",
			"requires": {
				"es6-promise": "^4.0.3"
			}
		},
		"esprima": {
			"version": "4.0.1",
			"resolved": "https://registry.npmjs.org/esprima/-/esprima-4.0.1.tgz",
			"integrity": "sha512-eGuFFw7Upda+g4p+QHvnW0RyTX/SVeJBDM/gCtMARO0cLuT2HcEKnTPvhjV6aGeqrCB/sbNop0Kszm0jsaWU4A=="
		},
		"http-proxy-agent": {
			"version": "2.1.0",
			"resolved": "https://registry.npmjs.org/http-proxy-agent/-/http-proxy-agent-2.1.0.tgz",
			"integrity": "sha512-qwHbBLV7WviBl0rQsOzH6o5lwyOIvwp/BdFnvVxXORldu5TmjFfjzBcWUWS5kWAZhmv+JtiDhSuQCp4sBfbIgg==",
			"requires": {
				"agent-base": "4",
				"debug": "3.1.0"
			}
		},
		"https-proxy-agent": {
			"version": "2.2.4",
			"resolved": "https://registry.npmjs.org/https-proxy-agent/-/https-proxy-agent-2.2.4.tgz",
			"integrity": "sha512-OmvfoQ53WLjtA9HeYP9RNrWMJzzAz1JGaSFr1nijg0PVR1JaD/xbJq1mdEIIlxGpXp9eSe/O2LgU9DJmTPd0Eg==",
			"requires": {
				"agent-base": "^4.3.0",
				"debug": "^3.1.0"
			}
		},
		"js-yaml": {
			"version": "3.14.1",
			"resolved": "https://registry.npmjs.org/js-yaml/-/js-yaml-3.14.1.tgz",
			"integrity": "sha512-okMH7OXXJ7YrN9Ok3/SXrnu4iX9yOk+25nqX4imS2npuvTYDmo/QEZoqwZkYaIDk3jVvBOTOIEgEhaLOynBS9g==",
			"requires": {
				"argparse": "^1.0.7",
				"esprima": "^4.0.0"
			}
		},
		"jsonc-parser": {
			"version": "1.0.3",
			"resolved": "https://registry.npmjs.org/jsonc-parser/-/jsonc-parser-1.0.3.tgz",
			"integrity": "sha512-hk/69oAeaIzchq/v3lS50PXuzn5O2ynldopMC+SWBql7J2WtdptfB9dy8Y7+Og5rPkTCpn83zTiO8FMcqlXJ/g=="
		},
		"lodash": {
			"version": "4.17.21",
			"resolved": "https://registry.npmjs.org/lodash/-/lodash-4.17.21.tgz",
			"integrity": "sha512-v2kDEe57lecTulaDIuNTPy3Ry4gLGJ6Z1O3vE1krgXZNrsQ+LFTGHVxVjcXPs17LhbZVGedAJv8XZ1tvj5FvSg=="
		},
		"lru-cache": {
			"version": "5.1.1",
			"resolved": "https://registry.npmjs.org/lru-cache/-/lru-cache-5.1.1.tgz",
			"integrity": "sha512-KpNARQA3Iwv+jTA0utUVVbrh+Jlrr1Fv0e56GGzAFOXN7dk/FviaDW8LHmK52DlcH4WP2n6gI8vN1aesBFgo9w==",
			"requires": {
				"yallist": "^3.0.2"
			}
		},
		"ms": {
			"version": "2.0.0",
			"resolved": "https://registry.npmjs.org/ms/-/ms-2.0.0.tgz",
			"integrity": "sha1-VgiurfwAvmwpAd9fmGF4jeDVl8g="
		},
		"request-light": {
			"version": "0.2.4",
			"resolved": "https://registry.npmjs.org/request-light/-/request-light-0.2.4.tgz",
			"integrity": "sha512-pM9Fq5jRnSb+82V7M97rp8FE9/YNeP2L9eckB4Szd7lyeclSIx02aIpPO/6e4m6Dy31+FBN/zkFMTd2HkNO3ow==",
			"requires": {
				"http-proxy-agent": "^2.1.0",
				"https-proxy-agent": "^2.2.1",
				"vscode-nls": "^4.0.0"
			},
			"dependencies": {
				"vscode-nls": {
					"version": "4.1.1",
					"resolved": "https://registry.npmjs.org/vscode-nls/-/vscode-nls-4.1.1.tgz",
					"integrity": "sha512-4R+2UoUUU/LdnMnFjePxfLqNhBS8lrAFyX7pjb2ud/lqDkrUavFUTcG7wR0HBZFakae0Q6KLBFjMS6W93F403A=="
				}
			}
		},
		"source-map": {
			"version": "0.6.1",
			"resolved": "https://registry.npmjs.org/source-map/-/source-map-0.6.1.tgz",
			"integrity": "sha512-UjgapumWlbMhkBgzT7Ykc5YXUT46F0iKu8SGXq0bcwP5dz/h0Plj6enJqjz1Zbq2l5WaqYnrVbwWOWMyF3F47g==",
			"dev": true
		},
		"source-map-support": {
			"version": "0.5.13",
			"resolved": "https://registry.npmjs.org/source-map-support/-/source-map-support-0.5.13.tgz",
			"integrity": "sha512-SHSKFHadjVA5oR4PPqhtAVdcBWwRYVd6g6cAXnIbRiIwc2EhPrTuKUBdSLvlEKyIP3GCf89fltvcZiP9MMFA1w==",
			"dev": true,
			"requires": {
				"buffer-from": "^1.0.0",
				"source-map": "^0.6.0"
			}
		},
		"sprintf-js": {
			"version": "1.0.3",
			"resolved": "https://registry.npmjs.org/sprintf-js/-/sprintf-js-1.0.3.tgz",
			"integrity": "sha512-D9cPgkvLlV3t3IzL0D0YLvGA9Ahk4PcvVwUbN0dSGr1aP0Nrt4AEnTUbuGvquEC0mA64Gqt1fzirlRs5ibXx8g=="
		},
		"ts-get": {
			"version": "1.0.5",
			"resolved": "https://registry.npmjs.org/ts-get/-/ts-get-1.0.5.tgz",
			"integrity": "sha512-XSAMqdnAE2u2OudAkJgokzegSZnmoYBOr0z7/ZSDJm9bxeK0jA6W8WmRwm8Rd5rrBOvwXjm/H3zZzsKBBlJPoA=="
		},
		"typescript": {
			"version": "4.9.4",
			"resolved": "https://registry.npmjs.org/typescript/-/typescript-4.9.4.tgz",
			"integrity": "sha512-Uz+dTXYzxXXbsFpM86Wh3dKCxrQqUcVMxwU54orwlJjOpO3ao8L7j5lH+dWfTwgCwIuM9GQ2kvVotzYJMXTBZg==",
			"dev": true
		},
		"vscode-json-languageservice": {
			"version": "3.0.12",
			"resolved": "https://registry.npmjs.org/vscode-json-languageservice/-/vscode-json-languageservice-3.0.12.tgz",
			"integrity": "sha512-XSgRVY/vsPqOa//ZwLD5DWx1wzTQGgeZfsOlVqFlLya10dpimSnd27kbuL45hzxh4B+MvmHZtZeWQKjSYnNF0A==",
			"requires": {
				"jsonc-parser": "^2.0.0-next.1",
				"vscode-languageserver-types": "^3.6.1",
				"vscode-nls": "^3.2.1",
				"vscode-uri": "^1.0.3"
			},
			"dependencies": {
				"jsonc-parser": {
					"version": "2.1.1",
					"resolved": "https://registry.npmjs.org/jsonc-parser/-/jsonc-parser-2.1.1.tgz",
					"integrity": "sha512-VC0CjnWJylKB1iov4u76/W/5Ef0ydDkjtYWxoZ9t3HdWlSnZQwZL5MgFikaB/EtQ4RmMEw3tmQzuYnZA2/Ja1g=="
				}
			}
		},
		"vscode-jsonrpc": {
			"version": "4.0.0",
			"resolved": "https://registry.npmjs.org/vscode-jsonrpc/-/vscode-jsonrpc-4.0.0.tgz",
			"integrity": "sha512-perEnXQdQOJMTDFNv+UF3h1Y0z4iSiaN9jIlb0OqIYgosPCZGYh/MCUlkFtV2668PL69lRDO32hmvL2yiidUYg=="
		},
		"vscode-languageserver": {
			"version": "5.2.1",
			"resolved": "https://registry.npmjs.org/vscode-languageserver/-/vscode-languageserver-5.2.1.tgz",
			"integrity": "sha512-GuayqdKZqAwwaCUjDvMTAVRPJOp/SLON3mJ07eGsx/Iq9HjRymhKWztX41rISqDKhHVVyFM+IywICyZDla6U3A==",
			"requires": {
				"vscode-languageserver-protocol": "3.14.1",
				"vscode-uri": "^1.0.6"
			}
		},
		"vscode-languageserver-protocol": {
			"version": "3.14.1",
			"resolved": "https://registry.npmjs.org/vscode-languageserver-protocol/-/vscode-languageserver-protocol-3.14.1.tgz",
			"integrity": "sha512-IL66BLb2g20uIKog5Y2dQ0IiigW0XKrvmWiOvc0yXw80z3tMEzEnHjaGAb3ENuU7MnQqgnYJ1Cl2l9RvNgDi4g==",
			"requires": {
				"vscode-jsonrpc": "^4.0.0",
				"vscode-languageserver-types": "3.14.0"
			}
		},
		"vscode-languageserver-types": {
			"version": "3.14.0",
			"resolved": "https://registry.npmjs.org/vscode-languageserver-types/-/vscode-languageserver-types-3.14.0.tgz",
			"integrity": "sha512-lTmS6AlAlMHOvPQemVwo3CezxBp0sNB95KNPkqp3Nxd5VFEnuG1ByM0zlRWos0zjO3ZWtkvhal0COgiV1xIA4A=="
		},
		"vscode-nls": {
			"version": "3.2.5",
			"resolved": "https://registry.npmjs.org/vscode-nls/-/vscode-nls-3.2.5.tgz",
			"integrity": "sha512-ITtoh3V4AkWXMmp3TB97vsMaHRgHhsSFPsUdzlueSL+dRZbSNTZeOmdQv60kjCV306ghPxhDeoNUEm3+EZMuyw=="
		},
		"vscode-uri": {
			"version": "1.0.8",
			"resolved": "https://registry.npmjs.org/vscode-uri/-/vscode-uri-1.0.8.tgz",
			"integrity": "sha512-obtSWTlbJ+a+TFRYGaUumtVwb+InIUVI0Lu0VBUAPmj2cU5JutEXg3xUE0c2J5Tcy7h2DEKVJBFi+Y9ZSFzzPQ=="
		},
		"yallist": {
			"version": "3.0.3",
			"resolved": "https://registry.npmjs.org/yallist/-/yallist-3.0.3.tgz",
			"integrity": "sha512-S+Zk8DEWE6oKpV+vI3qWkaK+jSbIK86pCwe2IF/xwIpQ8jEuxpw9NyaGjmp9+BoJv5FV2piqCDcoCtStppiq2A=="
		},
		"yaml-ast-parser-custom-tags": {
			"version": "0.0.43",
			"resolved": "https://registry.npmjs.org/yaml-ast-parser-custom-tags/-/yaml-ast-parser-custom-tags-0.0.43.tgz",
			"integrity": "sha512-R5063FF/JSAN6qXCmylwjt9PcDH6M0ExEme/nJBzLspc6FJDmHHIqM7xh2WfEmsTJqClF79A9VkXjkAqmZw9SQ=="
		}
	}
}