{
    "name": "@serverless-ide/config",
    "version": "0.5.1",
    "lockfileVersion": 1,
    "requires": true,
    "dependencies": {
        "@types/js-yaml": {
            "version": "3.12.1",
            "resolved": "https://registry.npmjs.org/@types/js-yaml/-/js-yaml-3.12.1.tgz",
            "integrity": "sha512-SGGAhXLHDx+PK4YLNcNGa6goPf9XRWQNAUUbffkwVGGXIxmDKWyGGL4inzq2sPmExu431Ekb9aEMn9BkPqEYFA==",
            "dev": true
        },
        "@types/lodash": {
            "version": "4.14.144",
            "resolved": "https://registry.npmjs.org/@types/lodash/-/lodash-4.14.144.tgz",
            "integrity": "sha512-ogI4g9W5qIQQUhXAclq6zhqgqNUr7UlFaqDHbch7WLSLeeM/7d3CRaw7GLajxvyFvhJqw4Rpcz5bhoaYtIx6Tg==",
            "dev": true
        },
        "@types/lru-cache": {
            "version": "4.1.2",
            "resolved": "https://registry.npmjs.org/@types/lru-cache/-/lru-cache-4.1.2.tgz",
            "integrity": "sha512-ve2IoUJClE+4S/sG2zoLGEHP6DCvqgyz7UkHZdiICdQaAYRaCXsRWfJlbL8B0KvUyo9lgzD+oR0YSy4YikFyFQ==",
            "dev": true
        },
        "@types/node": {
            "version": "9.6.55",
            "resolved": "https://registry.npmjs.org/@types/node/-/node-9.6.55.tgz",
            "integrity": "sha512-e/5tg8Ok0gSrN6pvHphnwTK0/CD9VPZrtZqpvvpEFAtfs+ZntusgGaWkf2lSEq1OFe2EDPeUMiMVpy4nZpJ4AQ==",
            "dev": true
        },
        "@types/vscode": {
            "version": "1.39.0",
            "resolved": "https://registry.npmjs.org/@types/vscode/-/vscode-1.39.0.tgz",
            "integrity": "sha512-rlg0okXDt7NjAyHXbZ2nO1I/VY/8y9w67ltLRrOxXQ46ayvrYZavD4A6zpYrGbs2+ZOEQzcUs+QZOqcVGQIxXQ==",
            "dev": true
        },
        "argparse": {
            "version": "1.0.10",
            "resolved": "https://registry.npmjs.org/argparse/-/argparse-1.0.10.tgz",
            "integrity": "sha512-o5Roy6tNG4SL/FOkCAN6RzjiakZS25RLYFrcMttJqbdd8BWrnA+fGz57iN5Pb06pvBGvl5gQ0B48dJlslXvoTg==",
            "requires": {
                "sprintf-js": "~1.0.2"
            }
        },
        "buffer-from": {
            "version": "1.1.1",
            "resolved": "https://registry.npmjs.org/buffer-from/-/buffer-from-1.1.1.tgz",
            "integrity": "sha512-MQcXEUbCKtEo7bhqEs6560Hyd4XaovZlO/k9V3hjVUF/zwW7KBVdSK4gIt/bzwS9MbR5qob+F5jusZsb0YQK2A==",
            "dev": true
        },
        "esprima": {
            "version": "4.0.1",
            "resolved": "https://registry.npmjs.org/esprima/-/esprima-4.0.1.tgz",
            "integrity": "sha512-eGuFFw7Upda+g4p+QHvnW0RyTX/SVeJBDM/gCtMARO0cLuT2HcEKnTPvhjV6aGeqrCB/sbNop0Kszm0jsaWU4A=="
        },
        "js-yaml": {
            "version": "3.13.1",
            "resolved": "https://registry.npmjs.org/js-yaml/-/js-yaml-3.13.1.tgz",
            "integrity": "sha512-YfbcO7jXDdyj0DGxYVSlSeQNHbD7XPWvrVWeVUujrQEoZzWJIRrCPoyk6kL6IAjAG2IolMK4T0hNUe0HOUs5Jw==",
            "requires": {
                "argparse": "^1.0.7",
                "esprima": "^4.0.0"
            }
        },
        "jsonc-parser": {
            "version": "1.0.3",
            "resolved": "https://registry.npmjs.org/jsonc-parser/-/jsonc-parser-1.0.3.tgz",
            "integrity": "sha512-hk/69oAeaIzchq/v3lS50PXuzn5O2ynldopMC+SWBql7J2WtdptfB9dy8Y7+Og5rPkTCpn83zTiO8FMcqlXJ/g=="
        },
        "source-map": {
            "version": "0.6.1",
            "resolved": "https://registry.npmjs.org/source-map/-/source-map-0.6.1.tgz",
            "integrity": "sha512-UjgapumWlbMhkBgzT7Ykc5YXUT46F0iKu8SGXq0bcwP5dz/h0Plj6enJqjz1Zbq2l5WaqYnrVbwWOWMyF3F47g==",
            "dev": true
        },
        "source-map-support": {
            "version": "0.5.16",
            "resolved": "https://registry.npmjs.org/source-map-support/-/source-map-support-0.5.16.tgz",
            "integrity": "sha512-efyLRJDr68D9hBBNIPWFjhpFzURh+KJykQwvMyW5UiZzYwoF6l4YMMDIJJEyFWxWCqfyxLzz6tSfUFR+kXXsVQ==",
            "dev": true,
            "requires": {
                "buffer-from": "^1.0.0",
                "source-map": "^0.6.0"
            }
        },
        "sprintf-js": {
            "version": "1.0.3",
            "resolved": "https://registry.npmjs.org/sprintf-js/-/sprintf-js-1.0.3.tgz",
            "integrity": "sha1-BOaSb2YolTVPPdAVIDYzuFcpfiw="
        },
        "vscode-json-languageservice": {
            "version": "3.0.12",
            "resolved": "https://registry.npmjs.org/vscode-json-languageservice/-/vscode-json-languageservice-3.0.12.tgz",
            "integrity": "sha512-XSgRVY/vsPqOa//ZwLD5DWx1wzTQGgeZfsOlVqFlLya10dpimSnd27kbuL45hzxh4B+MvmHZtZeWQKjSYnNF0A==",
            "requires": {
                "jsonc-parser": "^2.0.0-next.1",
                "vscode-languageserver-types": "^3.6.1",
                "vscode-nls": "^3.2.1",
                "vscode-uri": "^1.0.3"
            },
            "dependencies": {
                "jsonc-parser": {
                    "version": "2.2.0",
                    "resolved": "https://registry.npmjs.org/jsonc-parser/-/jsonc-parser-2.2.0.tgz",
                    "integrity": "sha512-4fLQxW1j/5fWj6p78vAlAafoCKtuBm6ghv+Ij5W2DrDx0qE+ZdEl2c6Ko1mgJNF5ftX1iEWQQ4Ap7+3GlhjkOA=="
                }
            }
        },
        "vscode-languageserver-types": {
            "version": "3.14.0",
            "resolved": "https://registry.npmjs.org/vscode-languageserver-types/-/vscode-languageserver-types-3.14.0.tgz",
            "integrity": "sha512-lTmS6AlAlMHOvPQemVwo3CezxBp0sNB95KNPkqp3Nxd5VFEnuG1ByM0zlRWos0zjO3ZWtkvhal0COgiV1xIA4A=="
        },
        "vscode-nls": {
            "version": "3.2.5",
            "resolved": "https://registry.npmjs.org/vscode-nls/-/vscode-nls-3.2.5.tgz",
            "integrity": "sha512-ITtoh3V4AkWXMmp3TB97vsMaHRgHhsSFPsUdzlueSL+dRZbSNTZeOmdQv60kjCV306ghPxhDeoNUEm3+EZMuyw=="
        },
        "vscode-uri": {
            "version": "1.0.8",
            "resolved": "https://registry.npmjs.org/vscode-uri/-/vscode-uri-1.0.8.tgz",
            "integrity": "sha512-obtSWTlbJ+a+TFRYGaUumtVwb+InIUVI0Lu0VBUAPmj2cU5JutEXg3xUE0c2J5Tcy7h2DEKVJBFi+Y9ZSFzzPQ=="
        },
        "yaml-ast-parser": {
            "version": "0.0.43",
            "resolved": "https://registry.npmjs.org/yaml-ast-parser/-/yaml-ast-parser-0.0.43.tgz",
            "integrity": "sha512-2PTINUwsRqSd+s8XxKaJWQlUuEMHJQyEuh2edBbW8KNJz0SJPwUSD2zRWqezFEdN7IzAgeuYHFUCF7o8zRdZ0A=="
        }
    }
}
